
Microsoft Visual Studio Solution File, Format Version 12.00
# Visual Studio Version 17
VisualStudioVersion = 17.0.32126.317
MinimumVisualStudioVersion = 10.0.40219.1
Project("{FAE04EC0-301F-11D3-BF4B-00C04F79EFBC}") = "TikTokDownloader", "TikTokDownloader\TikTokDownloader.csproj", "{14C3CF5A-BDA0-4D40-90CE-8D3241347834}"
EndProject
Global
	GlobalSection(SolutionConfigurationPlatforms) = preSolution
		Debug|Any CPU = Debug|Any CPU
		Release|Any CPU = Release|Any CPU
	EndGlobalSection
	GlobalSection(ProjectConfigurationPlatforms) = postSolution
		{14C3CF5A-BDA0-4D40-90CE-8D3241347834}.Debug|Any CPU.ActiveCfg = Debug|Any CPU
		{14C3CF5A-BDA0-4D40-90CE-8D3241347834}.Debug|Any CPU.Build.0 = Debug|Any CPU
		{14C3CF5A-BDA0-4D40-90CE-8D3241347834}.Release|Any CPU.ActiveCfg = Release|Any CPU
		{14C3CF5A-BDA0-4D40-90CE-8D3241347834}.Release|Any CPU.Build.0 = Release|Any CPU
	EndGlobalSection
	GlobalSection(SolutionProperties) = preSolution
		HideSolutionNode = FALSE
	EndGlobalSection
	GlobalSection(ExtensibilityGlobals) = postSolution
		SolutionGuid = {E6FCB084-B635-451A-B640-68023AA6277A}
	EndGlobalSection
EndGlobal
